// !$*UTF8*$!
{
	archiveVersion = 1;
	classes = {
	};
	objectVersion = 50;
	objects = {

/* Begin PBXBuildFile section */
		E989661621A6BFA30031C5D8 /* AppDelegate.m in Sources */ = {isa = PBXBuildFile; fileRef = E989661521A6BFA30031C5D8 /* AppDelegate.m */; };
		E989661921A6BFA30031C5D8 /* ViewController.m in Sources */ = {isa = PBXBuildFile; fileRef = E989661821A6BFA30031C5D8 /* ViewController.m */; };
		E989661C21A6BFA30031C5D8 /* Main.storyboard in Resources */ = {isa = PBXBuildFile; fileRef = E989661A21A6BFA30031C5D8 /* Main.storyboard */; };
		E989661E21A6BFA50031C5D8 /* Assets.xcassets in Resources */ = {isa = PBXBuildFile; fileRef = E989661D21A6BFA50031C5D8 /* Assets.xcassets */; };
		E989662121A6BFA50031C5D8 /* LaunchScreen.storyboard in Resources */ = {isa = PBXBuildFile; fileRef = E989661F21A6BFA50031C5D8 /* LaunchScreen.storyboard */; };
		E989662421A6BFA50031C5D8 /* main.m in Sources */ = {isa = PBXBuildFile; fileRef = E989662321A6BFA50031C5D8 /* main.m */; };
		E989662E21A6BFA50031C5D8 /* JhPageControlTests.m in Sources */ = {isa = PBXBuildFile; fileRef = E989662D21A6BFA50031C5D8 /* JhPageControlTests.m */; };
		E989663921A6BFA50031C5D8 /* JhPageControlUITests.m in Sources */ = {isa = PBXBuildFile; fileRef = E989663821A6BFA50031C5D8 /* JhPageControlUITests.m */; };
		E989664821A6BFC10031C5D8 /* JhPageControl.m in Sources */ = {isa = PBXBuildFile; fileRef = E989664721A6BFC10031C5D8 /* JhPageControl.m */; };
		E9C0ED7421A78429009D812D /* 1.gif in Resources */ = {isa = PBXBuildFile; fileRef = E9C0ED7321A78429009D812D /* 1.gif */; };
/* End PBXBuildFile section */

/* Begin PBXContainerItemProxy section */
		E989662A21A6BFA50031C5D8 /* PBXContainerItemProxy */ = {
			isa = PBXContainerItemProxy;
			containerPortal = E989660921A6BFA30031C5D8 /* Project object */;
			proxyType = 1;
			remoteGlobalIDString = E989661021A6BFA30031C5D8;
			remoteInfo = JhPageControl;
		};
		E989663521A6BFA50031C5D8 /* PBXContainerItemProxy */ = {
			isa = PBXContainerItemProxy;
			containerPortal = E989660921A6BFA30031C5D8 /* Project object */;
			proxyType = 1;
			remoteGlobalIDString = E989661021A6BFA30031C5D8;
			remoteInfo = JhPageControl;
		};
/* End PBXContainerItemProxy section */

/* Begin PBXFileReference section */
		E989661121A6BFA30031C5D8 /* JhPageControl.app */ = {isa = PBXFileReference; explicitFileType = wrapper.application; includeInIndex = 0; path = JhPageControl.app; sourceTree = BUILT_PRODUCTS_DIR; };
		E989661421A6BFA30031C5D8 /* AppDelegate.h */ = {isa = PBXFileReference; lastKnownFileType = sourcecode.c.h; path = AppDelegate.h; sourceTree = "<group>"; };
		E989661521A6BFA30031C5D8 /* AppDelegate.m */ = {isa = PBXFileReference; lastKnownFileType = sourcecode.c.objc; path = AppDelegate.m; sourceTree = "<group>"; };
		E989661721A6BFA30031C5D8 /* ViewController.h */ = {isa = PBXFileReference; lastKnownFileType = sourcecode.c.h; path = ViewController.h; sourceTree = "<group>"; };
		E989661821A6BFA30031C5D8 /* ViewController.m */ = {isa = PBXFileReference; lastKnownFileType = sourcecode.c.objc; path = ViewController.m; sourceTree = "<group>"; };
		E989661B21A6BFA30031C5D8 /* Base */ = {isa = PBXFileReference; lastKnownFileType = file.storyboard; name = Base; path = Base.lproj/Main.storyboard; sourceTree = "<group>"; };
		E989661D21A6BFA50031C5D8 /* Assets.xcassets */ = {isa = PBXFileReference; lastKnownFileType = folder.assetcatalog; path = Assets.xcassets; sourceTree = "<group>"; };
		E989662021A6BFA50031C5D8 /* Base */ = {isa = PBXFileReference; lastKnownFileType = file.storyboard; name = Base; path = Base.lproj/LaunchScreen.storyboard; sourceTree = "<group>"; };
		E989662221A6BFA50031C5D8 /* Info.plist */ = {isa = PBXFileReference; lastKnownFileType = text.plist.xml; path = Info.plist; sourceTree = "<group>"; };
		E989662321A6BFA50031C5D8 /* main.m */ = {isa = PBXFileReference; lastKnownFileType = sourcecode.c.objc; path = main.m; sourceTree = "<group>"; };
		E989662921A6BFA50031C5D8 /* JhPageControlTests.xctest */ = {isa = PBXFileReference; explicitFileType = wrapper.cfbundle; includeInIndex = 0; path = JhPageControlTests.xctest; sourceTree = BUILT_PRODUCTS_DIR; };
		E989662D21A6BFA50031C5D8 /* JhPageControlTests.m */ = {isa = PBXFileReference; lastKnownFileType = sourcecode.c.objc; path = JhPageControlTests.m; sourceTree = "<group>"; };
		E989662F21A6BFA50031C5D8 /* Info.plist */ = {isa = PBXFileReference; lastKnownFileType = text.plist.xml; path = Info.plist; sourceTree = "<group>"; };
		E989663421A6BFA50031C5D8 /* JhPageControlUITests.xctest */ = {isa = PBXFileReference; explicitFileType = wrapper.cfbundle; includeInIndex = 0; path = JhPageControlUITests.xctest; sourceTree = BUILT_PRODUCTS_DIR; };
		E989663821A6BFA50031C5D8 /* JhPageControlUITests.m */ = {isa = PBXFileReference; lastKnownFileType = sourcecode.c.objc; path = JhPageControlUITests.m; sourceTree = "<group>"; };
		E989663A21A6BFA50031C5D8 /* Info.plist */ = {isa = PBXFileReference; lastKnownFileType = text.plist.xml; path = Info.plist; sourceTree = "<group>"; };
		E989664621A6BFC00031C5D8 /* JhPageControl.h */ = {isa = PBXFileReference; fileEncoding = 4; lastKnownFileType = sourcecode.c.h; path = JhPageControl.h; sourceTree = "<group>"; };
		E989664721A6BFC10031C5D8 /* JhPageControl.m */ = {isa = PBXFileReference; fileEncoding = 4; lastKnownFileType = sourcecode.c.objc; path = JhPageControl.m; sourceTree = "<group>"; };
		E9C0ED7321A78429009D812D /* 1.gif */ = {isa = PBXFileReference; lastKnownFileType = image.gif; path = 1.gif; sourceTree = "<group>"; };
/* End PBXFileReference section */

/* Begin PBXFrameworksBuildPhase section */
		E989660E21A6BFA30031C5D8 /* Frameworks */ = {
			isa = PBXFrameworksBuildPhase;
			buildActionMask = 2147483647;
			files = (
			);
			runOnlyForDeploymentPostprocessing = 0;
		};
		E989662621A6BFA50031C5D8 /* Frameworks */ = {
			isa = PBXFrameworksBuildPhase;
			buildActionMask = 2147483647;
			files = (
			);
			runOnlyForDeploymentPostprocessing = 0;
		};
		E989663121A6BFA50031C5D8 /* Frameworks */ = {
			isa = PBXFrameworksBuildPhase;
			buildActionMask = 2147483647;
			files = (
			);
			runOnlyForDeploymentPostprocessing = 0;
		};
/* End PBXFrameworksBuildPhase section */

/* Begin PBXGroup section */
		E989660821A6BFA30031C5D8 = {
			isa = PBXGroup;
			children = (
				E989661321A6BFA30031C5D8 /* JhPageControl */,
				E989662C21A6BFA50031C5D8 /* JhPageControlTests */,
				E989663721A6BFA50031C5D8 /* JhPageControlUITests */,
				E989661221A6BFA30031C5D8 /* Products */,
			);
			sourceTree = "<group>";
		};
		E989661221A6BFA30031C5D8 /* Products */ = {
			isa = PBXGroup;
			children = (
				E989661121A6BFA30031C5D8 /* JhPageControl.app */,
				E989662921A6BFA50031C5D8 /* JhPageControlTests.xctest */,
				E989663421A6BFA50031C5D8 /* JhPageControlUITests.xctest */,
			);
			name = Products;
			sourceTree = "<group>";
		};
		E989661321A6BFA30031C5D8 /* JhPageControl */ = {
			isa = PBXGroup;
			children = (
				E9C0ED6E21A78412009D812D /* screenshots */,
				E989664621A6BFC00031C5D8 /* JhPageControl.h */,
				E989664721A6BFC10031C5D8 /* JhPageControl.m */,
				E989661421A6BFA30031C5D8 /* AppDelegate.h */,
				E989661521A6BFA30031C5D8 /* AppDelegate.m */,
				E989661721A6BFA30031C5D8 /* ViewController.h */,
				E989661821A6BFA30031C5D8 /* ViewController.m */,
				E989661A21A6BFA30031C5D8 /* Main.storyboard */,
				E989661D21A6BFA50031C5D8 /* Assets.xcassets */,
				E989661F21A6BFA50031C5D8 /* LaunchScreen.storyboard */,
				E989662221A6BFA50031C5D8 /* Info.plist */,
				E989662321A6BFA50031C5D8 /* main.m */,
			);
			path = JhPageControl;
			sourceTree = "<group>";
		};
		E989662C21A6BFA50031C5D8 /* JhPageControlTests */ = {
			isa = PBXGroup;
			children = (
				E989662D21A6BFA50031C5D8 /* JhPageControlTests.m */,
				E989662F21A6BFA50031C5D8 /* Info.plist */,
			);
			path = JhPageControlTests;
			sourceTree = "<group>";
		};
		E989663721A6BFA50031C5D8 /* JhPageControlUITests */ = {
			isa = PBXGroup;
			children = (
				E989663821A6BFA50031C5D8 /* JhPageControlUITests.m */,
				E989663A21A6BFA50031C5D8 /* Info.plist */,
			);
			path = JhPageControlUITests;
			sourceTree = "<group>";
		};
		E9C0ED6E21A78412009D812D /* screenshots */ = {
			isa = PBXGroup;
			children = (
				E9C0ED7321A78429009D812D /* 1.gif */,
			);
			path = screenshots;
			sourceTree = "<group>";
		};
/* End PBXGroup section */

/* Begin PBXNativeTarget section */
		E989661021A6BFA30031C5D8 /* JhPageControl */ = {
			isa = PBXNativeTarget;
			buildConfigurationList = E989663D21A6BFA50031C5D8 /* Build configuration list for PBXNativeTarget "JhPageControl" */;
			buildPhases = (
				E989660D21A6BFA30031C5D8 /* Sources */,
				E989660E21A6BFA30031C5D8 /* Frameworks */,
				E989660F21A6BFA30031C5D8 /* Resources */,
			);
			buildRules = (
			);
			dependencies = (
			);
			name = JhPageControl;
			productName = JhPageControl;
			productReference = E989661121A6BFA30031C5D8 /* JhPageControl.app */;
			productType = "com.apple.product-type.application";
		};
		E989662821A6BFA50031C5D8 /* JhPageControlTests */ = {
			isa = PBXNativeTarget;
			buildConfigurationList = E989664021A6BFA50031C5D8 /* Build configuration list for PBXNativeTarget "JhPageControlTests" */;
			buildPhases = (
				E989662521A6BFA50031C5D8 /* Sources */,
				E989662621A6BFA50031C5D8 /* Frameworks */,
				E989662721A6BFA50031C5D8 /* Resources */,
			);
			buildRules = (
			);
			dependencies = (
				E989662B21A6BFA50031C5D8 /* PBXTargetDependency */,
			);
			name = JhPageControlTests;
			productName = JhPageControlTests;
			productReference = E989662921A6BFA50031C5D8 /* JhPageControlTests.xctest */;
			productType = "com.apple.product-type.bundle.unit-test";
		};
		E989663321A6BFA50031C5D8 /* JhPageControlUITests */ = {
			isa = PBXNativeTarget;
			buildConfigurationList = E989664321A6BFA50031C5D8 /* Build configuration list for PBXNativeTarget "JhPageControlUITests" */;
			buildPhases = (
				E989663021A6BFA50031C5D8 /* Sources */,
				E989663121A6BFA50031C5D8 /* Frameworks */,
				E989663221A6BFA50031C5D8 /* Resources */,
			);
			buildRules = (
			);
			dependencies = (
				E989663621A6BFA50031C5D8 /* PBXTargetDependency */,
			);
			name = JhPageControlUITests;
			productName = JhPageControlUITests;
			productReference = E989663421A6BFA50031C5D8 /* JhPageControlUITests.xctest */;
			productType = "com.apple.product-type.bundle.ui-testing";
		};
/* End PBXNativeTarget section */

/* Begin PBXProject section */
		E989660921A6BFA30031C5D8 /* Project object */ = {
			isa = PBXProject;
			attributes = {
				LastUpgradeCheck = 1010;
				ORGANIZATIONNAME = Jh;
				TargetAttributes = {
					E989661021A6BFA30031C5D8 = {
						CreatedOnToolsVersion = 10.1;
					};
					E989662821A6BFA50031C5D8 = {
						CreatedOnToolsVersion = 10.1;
						TestTargetID = E989661021A6BFA30031C5D8;
					};
					E989663321A6BFA50031C5D8 = {
						CreatedOnToolsVersion = 10.1;
						TestTargetID = E989661021A6BFA30031C5D8;
					};
				};
			};
			buildConfigurationList = E989660C21A6BFA30031C5D8 /* Build configuration list for PBXProject "JhPageControl" */;
			compatibilityVersion = "Xcode 9.3";
			developmentRegion = en;
			hasScannedForEncodings = 0;
			knownRegions = (
				en,
				Base,
			);
			mainGroup = E989660821A6BFA30031C5D8;
			productRefGroup = E989661221A6BFA30031C5D8 /* Products */;
			projectDirPath = "";
			projectRoot = "";
			targets = (
				E989661021A6BFA30031C5D8 /* JhPageControl */,
				E989662821A6BFA50031C5D8 /* JhPageControlTests */,
				E989663321A6BFA50031C5D8 /* JhPageControlUITests */,
			);
		};
/* End PBXProject section */

/* Begin PBXResourcesBuildPhase section */
		E989660F21A6BFA30031C5D8 /* Resources */ = {
			isa = PBXResourcesBuildPhase;
			buildActionMask = 2147483647;
			files = (
				E989662121A6BFA50031C5D8 /* LaunchScreen.storyboard in Resources */,
				E989661E21A6BFA50031C5D8 /* Assets.xcassets in Resources */,
				E9C0ED7421A78429009D812D /* 1.gif in Resources */,
				E989661C21A6BFA30031C5D8 /* Main.storyboard in Resources */,
			);
			runOnlyForDeploymentPostprocessing = 0;
		};
		E989662721A6BFA50031C5D8 /* Resources */ = {
			isa = PBXResourcesBuildPhase;
			buildActionMask = 2147483647;
			files = (
			);
			runOnlyForDeploymentPostprocessing = 0;
		};
		E989663221A6BFA50031C5D8 /* Resources */ = {
			isa = PBXResourcesBuildPhase;
			buildActionMask = 2147483647;
			files = (
			);
			runOnlyForDeploymentPostprocessing = 0;
		};
/* End PBXResourcesBuildPhase section */

/* Begin PBXSourcesBuildPhase section */
		E989660D21A6BFA30031C5D8 /* Sources */ = {
			isa = PBXSourcesBuildPhase;
			buildActionMask = 2147483647;
			files = (
				E989661921A6BFA30031C5D8 /* ViewController.m in Sources */,
				E989662421A6BFA50031C5D8 /* main.m in Sources */,
				E989664821A6BFC10031C5D8 /* JhPageControl.m in Sources */,
				E989661621A6BFA30031C5D8 /* AppDelegate.m in Sources */,
			);
			runOnlyForDeploymentPostprocessing = 0;
		};
		E989662521A6BFA50031C5D8 /* Sources */ = {
			isa = PBXSourcesBuildPhase;
			buildActionMask = 2147483647;
			files = (
				E989662E21A6BFA50031C5D8 /* JhPageControlTests.m in Sources */,
			);
			runOnlyForDeploymentPostprocessing = 0;
		};
		E989663021A6BFA50031C5D8 /* Sources */ = {
			isa = PBXSourcesBuildPhase;
			buildActionMask = 2147483647;
			files = (
				E989663921A6BFA50031C5D8 /* JhPageControlUITests.m in Sources */,
			);
			runOnlyForDeploymentPostprocessing = 0;
		};
/* End PBXSourcesBuildPhase section */

/* Begin PBXTargetDependency section */
		E989662B21A6BFA50031C5D8 /* PBXTargetDependency */ = {
			isa = PBXTargetDependency;
			target = E989661021A6BFA30031C5D8 /* JhPageControl */;
			targetProxy = E989662A21A6BFA50031C5D8 /* PBXContainerItemProxy */;
		};
		E989663621A6BFA50031C5D8 /* PBXTargetDependency */ = {
			isa = PBXTargetDependency;
			target = E989661021A6BFA30031C5D8 /* JhPageControl */;
			targetProxy = E989663521A6BFA50031C5D8 /* PBXContainerItemProxy */;
		};
/* End PBXTargetDependency section */

/* Begin PBXVariantGroup section */
		E989661A21A6BFA30031C5D8 /* Main.storyboard */ = {
			isa = PBXVariantGroup;
			children = (
				E989661B21A6BFA30031C5D8 /* Base */,
			);
			name = Main.storyboard;
			sourceTree = "<group>";
		};
		E989661F21A6BFA50031C5D8 /* LaunchScreen.storyboard */ = {
			isa = PBXVariantGroup;
			children = (
				E989662021A6BFA50031C5D8 /* Base */,
			);
			name = LaunchScreen.storyboard;
			sourceTree = "<group>";
		};
/* End PBXVariantGroup section */

/* Begin XCBuildConfiguration section */
		E989663B21A6BFA50031C5D8 /* Debug */ = {
			isa = XCBuildConfiguration;
			buildSettings = {
				ALWAYS_SEARCH_USER_PATHS = NO;
				CLANG_ANALYZER_NONNULL = YES;
				CLANG_ANALYZER_NUMBER_OBJECT_CONVERSION = YES_AGGRESSIVE;
				CLANG_CXX_LANGUAGE_STANDARD = "gnu++14";
				CLANG_CXX_LIBRARY = "libc++";
				CLANG_ENABLE_MODULES = YES;
				CLANG_ENABLE_OBJC_ARC = YES;
				CLANG_ENABLE_OBJC_WEAK = YES;
				CLANG_WARN_BLOCK_CAPTURE_AUTORELEASING = YES;
				CLANG_WARN_BOOL_CONVERSION = YES;
				CLANG_WARN_COMMA = YES;
				CLANG_WARN_CONSTANT_CONVERSION = YES;
				CLANG_WARN_DEPRECATED_OBJC_IMPLEMENTATIONS = YES;
				CLANG_WARN_DIRECT_OBJC_ISA_USAGE = YES_ERROR;
				CLANG_WARN_DOCUMENTATION_COMMENTS = YES;
				CLANG_WARN_EMPTY_BODY = YES;
				CLANG_WARN_ENUM_CONVERSION = YES;
				CLANG_WARN_INFINITE_RECURSION = YES;
				CLANG_WARN_INT_CONVERSION = YES;
				CLANG_WARN_NON_LITERAL_NULL_CONVERSION = YES;
				CLANG_WARN_OBJC_IMPLICIT_RETAIN_SELF = YES;
				CLANG_WARN_OBJC_LITERAL_CONVERSION = YES;
				CLANG_WARN_OBJC_ROOT_CLASS = YES_ERROR;
				CLANG_WARN_RANGE_LOOP_ANALYSIS = YES;
				CLANG_WARN_STRICT_PROTOTYPES = YES;
				CLANG_WARN_SUSPICIOUS_MOVE = YES;
				CLANG_WARN_UNGUARDED_AVAILABILITY = YES_AGGRESSIVE;
				CLANG_WARN_UNREACHABLE_CODE = YES;
				CLANG_WARN__DUPLICATE_METHOD_MATCH = YES;
				CODE_SIGN_IDENTITY = "iPhone Developer";
				COPY_PHASE_STRIP = NO;
				DEBUG_INFORMATION_FORMAT = dwarf;
				ENABLE_STRICT_OBJC_MSGSEND = YES;
				ENABLE_TESTABILITY = YES;
				GCC_C_LANGUAGE_STANDARD = gnu11;
				GCC_DYNAMIC_NO_PIC = NO;
				GCC_NO_COMMON_BLOCKS = YES;
				GCC_OPTIMIZATION_LEVEL = 0;
				GCC_PREPROCESSOR_DEFINITIONS = (
					"DEBUG=1",
					"$(inherited)",
				);
				GCC_WARN_64_TO_32_BIT_CONVERSION = YES;
				GCC_WARN_ABOUT_RETURN_TYPE = YES_ERROR;
				GCC_WARN_UNDECLARED_SELECTOR = YES;
				GCC_WARN_UNINITIALIZED_AUTOS = YES_AGGRESSIVE;
				GCC_WARN_UNUSED_FUNCTION = YES;
				GCC_WARN_UNUSED_VARIABLE = YES;
				IPHONEOS_DEPLOYMENT_TARGET = 12.1;
				MTL_ENABLE_DEBUG_INFO = INCLUDE_SOURCE;
				MTL_FAST_MATH = YES;
				ONLY_ACTIVE_ARCH = YES;
				SDKROOT = iphoneos;
			};
			name = Debug;
		};
		E989663C21A6BFA50031C5D8 /* Release */ = {
			isa = XCBuildConfiguration;
			buildSettings = {
				ALWAYS_SEARCH_USER_PATHS = NO;
				CLANG_ANALYZER_NONNULL = YES;
				CLANG_ANALYZER_NUMBER_OBJECT_CONVERSION = YES_AGGRESSIVE;
				CLANG_CXX_LANGUAGE_STANDARD = "gnu++14";
				CLANG_CXX_LIBRARY = "libc++";
				CLANG_ENABLE_MODULES = YES;
				CLANG_ENABLE_OBJC_ARC = YES;
				CLANG_ENABLE_OBJC_WEAK = YES;
				CLANG_WARN_BLOCK_CAPTURE_AUTORELEASING = YES;
				CLANG_WARN_BOOL_CONVERSION = YES;
				CLANG_WARN_COMMA = YES;
				CLANG_WARN_CONSTANT_CONVERSION = YES;
				CLANG_WARN_DEPRECATED_OBJC_IMPLEMENTATIONS = YES;
				CLANG_WARN_DIRECT_OBJC_ISA_USAGE = YES_ERROR;
				CLANG_WARN_DOCUMENTATION_COMMENTS = YES;
				CLANG_WARN_EMPTY_BODY = YES;
				CLANG_WARN_ENUM_CONVERSION = YES;
				CLANG_WARN_INFINITE_RECURSION = YES;
				CLANG_WARN_INT_CONVERSION = YES;
				CLANG_WARN_NON_LITERAL_NULL_CONVERSION = YES;
				CLANG_WARN_OBJC_IMPLICIT_RETAIN_SELF = YES;
				CLANG_WARN_OBJC_LITERAL_CONVERSION = YES;
				CLANG_WARN_OBJC_ROOT_CLASS = YES_ERROR;
				CLANG_WARN_RANGE_LOOP_ANALYSIS = YES;
				CLANG_WARN_STRICT_PROTOTYPES = YES;
				CLANG_WARN_SUSPICIOUS_MOVE = YES;
				CLANG_WARN_UNGUARDED_AVAILABILITY = YES_AGGRESSIVE;
				CLANG_WARN_UNREACHABLE_CODE = YES;
				CLANG_WARN__DUPLICATE_METHOD_MATCH = YES;
				CODE_SIGN_IDENTITY = "iPhone Developer";
				COPY_PHASE_STRIP = NO;
				DEBUG_INFORMATION_FORMAT = "dwarf-with-dsym";
				ENABLE_NS_ASSERTIONS = NO;
				ENABLE_STRICT_OBJC_MSGSEND = YES;
				GCC_C_LANGUAGE_STANDARD = gnu11;
				GCC_NO_COMMON_BLOCKS = YES;
				GCC_WARN_64_TO_32_BIT_CONVERSION = YES;
				GCC_WARN_ABOUT_RETURN_TYPE = YES_ERROR;
				GCC_WARN_UNDECLARED_SELECTOR = YES;
				GCC_WARN_UNINITIALIZED_AUTOS = YES_AGGRESSIVE;
				GCC_WARN_UNUSED_FUNCTION = YES;
				GCC_WARN_UNUSED_VARIABLE = YES;
				IPHONEOS_DEPLOYMENT_TARGET = 12.1;
				MTL_ENABLE_DEBUG_INFO = NO;
				MTL_FAST_MATH = YES;
				SDKROOT = iphoneos;
				VALIDATE_PRODUCT = YES;
			};
			name = Release;
		};
		E989663E21A6BFA50031C5D8 /* Debug */ = {
			isa = XCBuildConfiguration;
			buildSettings = {
				ASSETCATALOG_COMPILER_APPICON_NAME = AppIcon;
				CODE_SIGN_STYLE = Automatic;
				DEVELOPMENT_TEAM = "";
				INFOPLIST_FILE = JhPageControl/Info.plist;
				LD_RUNPATH_SEARCH_PATHS = (
					"$(inherited)",
					"@executable_path/Frameworks",
				);
				PRODUCT_BUNDLE_IDENTIFIER = com.JhPageControl.Jh;
				PRODUCT_NAME = "$(TARGET_NAME)";
				TARGETED_DEVICE_FAMILY = "1,2";
			};
			name = Debug;
		};
		E989663F21A6BFA50031C5D8 /* Release */ = {
			isa = XCBuildConfiguration;
			buildSettings = {
				ASSETCATALOG_COMPILER_APPICON_NAME = AppIcon;
				CODE_SIGN_STYLE = Automatic;
				DEVELOPMENT_TEAM = "";
				INFOPLIST_FILE = JhPageControl/Info.plist;
				LD_RUNPATH_SEARCH_PATHS = (
					"$(inherited)",
					"@executable_path/Frameworks",
				);
				PRODUCT_BUNDLE_IDENTIFIER = com.JhPageControl.Jh;
				PRODUCT_NAME = "$(TARGET_NAME)";
				TARGETED_DEVICE_FAMILY = "1,2";
			};
			name = Release;
		};
		E989664121A6BFA50031C5D8 /* Debug */ = {
			isa = XCBuildConfiguration;
			buildSettings = {
				BUNDLE_LOADER = "$(TEST_HOST)";
				CODE_SIGN_STYLE = Automatic;
				DEVELOPMENT_TEAM = 8ZH8KFMR9N;
				INFOPLIST_FILE = JhPageControlTests/Info.plist;
				LD_RUNPATH_SEARCH_PATHS = (
					"$(inherited)",
					"@executable_path/Frameworks",
					"@loader_path/Frameworks",
				);
				PRODUCT_BUNDLE_IDENTIFIER = com.bjdsst.JhPageControlTests;
				PRODUCT_NAME = "$(TARGET_NAME)";
				TARGETED_DEVICE_FAMILY = "1,2";
				TEST_HOST = "$(BUILT_PRODUCTS_DIR)/JhPageControl.app/JhPageControl";
			};
			name = Debug;
		};
		E989664221A6BFA50031C5D8 /* Release */ = {
			isa = XCBuildConfiguration;
			buildSettings = {
				BUNDLE_LOADER = "$(TEST_HOST)";
				CODE_SIGN_STYLE = Automatic;
				DEVELOPMENT_TEAM = 8ZH8KFMR9N;
				INFOPLIST_FILE = JhPageControlTests/Info.plist;
				LD_RUNPATH_SEARCH_PATHS = (
					"$(inherited)",
					"@executable_path/Frameworks",
					"@loader_path/Frameworks",
				);
				PRODUCT_BUNDLE_IDENTIFIER = com.bjdsst.JhPageControlTests;
				PRODUCT_NAME = "$(TARGET_NAME)";
				TARGETED_DEVICE_FAMILY = "1,2";
				TEST_HOST = "$(BUILT_PRODUCTS_DIR)/JhPageControl.app/JhPageControl";
			};
			name = Release;
		};
		E989664421A6BFA50031C5D8 /* Debug */ = {
			isa = XCBuildConfiguration;
			buildSettings = {
				CODE_SIGN_STYLE = Automatic;
				DEVELOPMENT_TEAM = 8ZH8KFMR9N;
				INFOPLIST_FILE = JhPageControlUITests/Info.plist;
				LD_RUNPATH_SEARCH_PATHS = (
					"$(inherited)",
					"@executable_path/Frameworks",
					"@loader_path/Frameworks",
				);
				PRODUCT_BUNDLE_IDENTIFIER = com.bjdsst.JhPageControlUITests;
				PRODUCT_NAME = "$(TARGET_NAME)";
				TARGETED_DEVICE_FAMILY = "1,2";
				TEST_TARGET_NAME = JhPageControl;
			};
			name = Debug;
		};
		E989664521A6BFA50031C5D8 /* Release */ = {
			isa = XCBuildConfiguration;
			buildSettings = {
				CODE_SIGN_STYLE = Automatic;
				DEVELOPMENT_TEAM = 8ZH8KFMR9N;
				INFOPLIST_FILE = JhPageControlUITests/Info.plist;
				LD_RUNPATH_SEARCH_PATHS = (
					"$(inherited)",
					"@executable_path/Frameworks",
					"@loader_path/Frameworks",
				);
				PRODUCT_BUNDLE_IDENTIFIER = com.bjdsst.JhPageControlUITests;
				PRODUCT_NAME = "$(TARGET_NAME)";
				TARGETED_DEVICE_FAMILY = "1,2";
				TEST_TARGET_NAME = JhPageControl;
			};
			name = Release;
		};
/* End XCBuildConfiguration section */

/* Begin XCConfigurationList section */
		E989660C21A6BFA30031C5D8 /* Build configuration list for PBXProject "JhPageControl" */ = {
			isa = XCConfigurationList;
			buildConfigurations = (
				E989663B21A6BFA50031C5D8 /* Debug */,
				E989663C21A6BFA50031C5D8 /* Release */,
			);
			defaultConfigurationIsVisible = 0;
			defaultConfigurationName = Release;
		};
		E989663D21A6BFA50031C5D8 /* Build configuration list for PBXNativeTarget "JhPageControl" */ = {
			isa = XCConfigurationList;
			buildConfigurations = (
				E989663E21A6BFA50031C5D8 /* Debug */,
				E989663F21A6BFA50031C5D8 /* Release */,
			);
			defaultConfigurationIsVisible = 0;
			defaultConfigurationName = Release;
		};
		E989664021A6BFA50031C5D8 /* Build configuration list for PBXNativeTarget "JhPageControlTests" */ = {
			isa = XCConfigurationList;
			buildConfigurations = (
				E989664121A6BFA50031C5D8 /* Debug */,
				E989664221A6BFA50031C5D8 /* Release */,
			);
			defaultConfigurationIsVisible = 0;
			defaultConfigurationName = Release;
		};
		E989664321A6BFA50031C5D8 /* Build configuration list for PBXNativeTarget "JhPageControlUITests" */ = {
			isa = XCConfigurationList;
			buildConfigurations = (
				E989664421A6BFA50031C5D8 /* Debug */,
				E989664521A6BFA50031C5D8 /* Release */,
			);
			defaultConfigurationIsVisible = 0;
			defaultConfigurationName = Release;
		};
/* End XCConfigurationList section */
	};
	rootObject = E989660921A6BFA30031C5D8 /* Project object */;
}
